
Microsoft Visual Studio Solution File, Format Version 12.00
# Visual Studio Version 16
VisualStudioVersion = 16.0.31410.357
MinimumVisualStudioVersion = 10.0.40219.1
Project("{9A19103F-16F7-4668-BE54-9A1E7A4F7556}") = "Forcebook", "Forcebook\Forcebook.csproj", "{B123B2C4-22B3-41AF-BBB4-B7B8FBE43A9E}"
EndProject
Project("{FAE04EC0-301F-11D3-BF4B-00C04F79EFBC}") = "forcebookTests", "forcebookTests\forcebookTests.csproj", "{88922AE9-DD9B-4FFF-8323-DB0F3B3BE45A}"
EndProject
Global
	GlobalSection(SolutionConfigurationPlatforms) = preSolution
		Debug|Any CPU = Debug|Any CPU
		Release|Any CPU = Release|Any CPU
	EndGlobalSection
	GlobalSection(ProjectConfigurationPlatforms) = postSolution
		{B123B2C4-22B3-41AF-BBB4-B7B8FBE43A9E}.Debug|Any CPU.ActiveCfg = Debug|Any CPU
		{B123B2C4-22B3-41AF-BBB4-B7B8FBE43A9E}.Debug|Any CPU.Build.0 = Debug|Any CPU
		{B123B2C4-22B3-41AF-BBB4-B7B8FBE43A9E}.Release|Any CPU.ActiveCfg = Release|Any CPU
		{B123B2C4-22B3-41AF-BBB4-B7B8FBE43A9E}.Release|Any CPU.Build.0 = Release|Any CPU
		{88922AE9-DD9B-4FFF-8323-DB0F3B3BE45A}.Debug|Any CPU.ActiveCfg = Debug|Any CPU
		{88922AE9-DD9B-4FFF-8323-DB0F3B3BE45A}.Debug|Any CPU.Build.0 = Debug|Any CPU
		{88922AE9-DD9B-4FFF-8323-DB0F3B3BE45A}.Release|Any CPU.ActiveCfg = Release|Any CPU
		{88922AE9-DD9B-4FFF-8323-DB0F3B3BE45A}.Release|Any CPU.Build.0 = Release|Any CPU
	EndGlobalSection
	GlobalSection(SolutionProperties) = preSolution
		HideSolutionNode = FALSE
	EndGlobalSection
	GlobalSection(ExtensibilityGlobals) = postSolution
		SolutionGuid = {6FD4A808-3090-4CC0-8ACC-9D6F855C87B5}
	EndGlobalSection
EndGlobal
